
Microsoft Visual Studio Solution File, Format Version 12.00
# Visual Studio Version 17
VisualStudioVersion = 17.0.31903.59
MinimumVisualStudioVersion = 10.0.40219.1
Project("{FAE04EC0-301F-11D3-BF4B-00C04F79EFBC}") = "Restaurants.API", "Restaurants.API\Restaurants.API.csproj", "{E643661E-E656-498A-A5A0-94317C599CED}"
EndProject
Project("{FAE04EC0-301F-11D3-BF4B-00C04F79EFBC}") = "Restaurants.Application", "Restaurants.Application\Restaurants.Application.csproj", "{77DB9F2F-9324-45BC-983F-EBCCA9A3B29A}"
EndProject
Project("{FAE04EC0-301F-11D3-BF4B-00C04F79EFBC}") = "Restaurants.Domain", "Restaurants.Domain\Restaurants.Domain.csproj", "{FFDE6124-9386-4BE0-A8C7-AEB1B6106FB2}"
EndProject
Project("{FAE04EC0-301F-11D3-BF4B-00C04F79EFBC}") = "Restaurants.Infrastructure", "Restaurants.Infrastructure\Restaurants.Infrastructure.csproj", "{73D1611F-1AEB-4E96-9CF6-5CD5BBDAD2BD}"
EndProject
Global
	GlobalSection(SolutionConfigurationPlatforms) = preSolution
		Debug|Any CPU = Debug|Any CPU
		Release|Any CPU = Release|Any CPU
	EndGlobalSection
	GlobalSection(ProjectConfigurationPlatforms) = postSolution
		{E643661E-E656-498A-A5A0-94317C599CED}.Debug|Any CPU.ActiveCfg = Debug|Any CPU
		{E643661E-E656-498A-A5A0-94317C599CED}.Debug|Any CPU.Build.0 = Debug|Any CPU
		{E643661E-E656-498A-A5A0-94317C599CED}.Release|Any CPU.ActiveCfg = Release|Any CPU
		{E643661E-E656-498A-A5A0-94317C599CED}.Release|Any CPU.Build.0 = Release|Any CPU
		{77DB9F2F-9324-45BC-983F-EBCCA9A3B29A}.Debug|Any CPU.ActiveCfg = Debug|Any CPU
		{77DB9F2F-9324-45BC-983F-EBCCA9A3B29A}.Debug|Any CPU.Build.0 = Debug|Any CPU
		{77DB9F2F-9324-45BC-983F-EBCCA9A3B29A}.Release|Any CPU.ActiveCfg = Release|Any CPU
		{77DB9F2F-9324-45BC-983F-EBCCA9A3B29A}.Release|Any CPU.Build.0 = Release|Any CPU
		{FFDE6124-9386-4BE0-A8C7-AEB1B6106FB2}.Debug|Any CPU.ActiveCfg = Debug|Any CPU
		{FFDE6124-9386-4BE0-A8C7-AEB1B6106FB2}.Debug|Any CPU.Build.0 = Debug|Any CPU
		{FFDE6124-9386-4BE0-A8C7-AEB1B6106FB2}.Release|Any CPU.ActiveCfg = Release|Any CPU
		{FFDE6124-9386-4BE0-A8C7-AEB1B6106FB2}.Release|Any CPU.Build.0 = Release|Any CPU
		{73D1611F-1AEB-4E96-9CF6-5CD5BBDAD2BD}.Debug|Any CPU.ActiveCfg = Debug|Any CPU
		{73D1611F-1AEB-4E96-9CF6-5CD5BBDAD2BD}.Debug|Any CPU.Build.0 = Debug|Any CPU
		{73D1611F-1AEB-4E96-9CF6-5CD5BBDAD2BD}.Release|Any CPU.ActiveCfg = Release|Any CPU
		{73D1611F-1AEB-4E96-9CF6-5CD5BBDAD2BD}.Release|Any CPU.Build.0 = Release|Any CPU
	EndGlobalSection
	GlobalSection(SolutionProperties) = preSolution
		HideSolutionNode = FALSE
	EndGlobalSection
EndGlobal
